
Microsoft Visual Studio Solution File, Format Version 12.00
# Visual Studio Version 16
VisualStudioVersion = 16.0.32002.261
MinimumVisualStudioVersion = 10.0.40219.1
Project("{FAE04EC0-301F-11D3-BF4B-00C04F79EFBC}") = "ThiPIIT", "ThiPIIT\ThiPIIT.csproj", "{ED001991-B9FD-44FA-ABF8-D8599C218E68}"
EndProject
Global
	GlobalSection(SolutionConfigurationPlatforms) = preSolution
		Debug|Any CPU = Debug|Any CPU
		Release|Any CPU = Release|Any CPU
	EndGlobalSection
	GlobalSection(ProjectConfigurationPlatforms) = postSolution
		{ED001991-B9FD-44FA-ABF8-D8599C218E68}.Debug|Any CPU.ActiveCfg = Debug|Any CPU
		{ED001991-B9FD-44FA-ABF8-D8599C218E68}.Debug|Any CPU.Build.0 = Debug|Any CPU
		{ED001991-B9FD-44FA-ABF8-D8599C218E68}.Release|Any CPU.ActiveCfg = Release|Any CPU
		{ED001991-B9FD-44FA-ABF8-D8599C218E68}.Release|Any CPU.Build.0 = Release|Any CPU
	EndGlobalSection
	GlobalSection(SolutionProperties) = preSolution
		HideSolutionNode = FALSE
	EndGlobalSection
	GlobalSection(ExtensibilityGlobals) = postSolution
		SolutionGuid = {0448A1F7-ED25-4785-919C-184EE1FD9330}
	EndGlobalSection
EndGlobal
